
Microsoft Visual Studio Solution File, Format Version 12.00
# Visual Studio 15
VisualStudioVersion = 15.0.27703.2042
MinimumVisualStudioVersion = 10.0.40219.1
Project("{FAE04EC0-301F-11D3-BF4B-00C04F79EFBC}") = "C.BLL", "C.BLL\C.BLL.csproj", "{FE242407-BD45-4D05-9FA6-C22675ECAA1F}"
EndProject
Project("{FAE04EC0-301F-11D3-BF4B-00C04F79EFBC}") = "C.Model", "C.Model\C.Model.csproj", "{9B4817C7-F471-4C33-938A-4A59C47B84C4}"
EndProject
Project("{FAE04EC0-301F-11D3-BF4B-00C04F79EFBC}") = "C.Toolkits", "DotNet.Toolkits\C.Toolkits.csproj", "{1F0E3164-1FAB-4214-A261-4EF1D3560DE0}"
EndProject
Project("{FAE04EC0-301F-11D3-BF4B-00C04F79EFBC}") = "C.Web", "C.Web\C.Web.csproj", "{C70F0AA5-E585-4BC7-8A41-028A116EDDF2}"
EndProject
Global
	GlobalSection(SolutionConfigurationPlatforms) = preSolution
		Debug|Any CPU = Debug|Any CPU
		Release|Any CPU = Release|Any CPU
	EndGlobalSection
	GlobalSection(ProjectConfigurationPlatforms) = postSolution
		{FE242407-BD45-4D05-9FA6-C22675ECAA1F}.Debug|Any CPU.ActiveCfg = Debug|Any CPU
		{FE242407-BD45-4D05-9FA6-C22675ECAA1F}.Debug|Any CPU.Build.0 = Debug|Any CPU
		{FE242407-BD45-4D05-9FA6-C22675ECAA1F}.Release|Any CPU.ActiveCfg = Release|Any CPU
		{FE242407-BD45-4D05-9FA6-C22675ECAA1F}.Release|Any CPU.Build.0 = Release|Any CPU
		{9B4817C7-F471-4C33-938A-4A59C47B84C4}.Debug|Any CPU.ActiveCfg = Debug|Any CPU
		{9B4817C7-F471-4C33-938A-4A59C47B84C4}.Debug|Any CPU.Build.0 = Debug|Any CPU
		{9B4817C7-F471-4C33-938A-4A59C47B84C4}.Release|Any CPU.ActiveCfg = Release|Any CPU
		{9B4817C7-F471-4C33-938A-4A59C47B84C4}.Release|Any CPU.Build.0 = Release|Any CPU
		{1F0E3164-1FAB-4214-A261-4EF1D3560DE0}.Debug|Any CPU.ActiveCfg = Debug|Any CPU
		{1F0E3164-1FAB-4214-A261-4EF1D3560DE0}.Debug|Any CPU.Build.0 = Debug|Any CPU
		{1F0E3164-1FAB-4214-A261-4EF1D3560DE0}.Release|Any CPU.ActiveCfg = Release|Any CPU
		{1F0E3164-1FAB-4214-A261-4EF1D3560DE0}.Release|Any CPU.Build.0 = Release|Any CPU
		{C70F0AA5-E585-4BC7-8A41-028A116EDDF2}.Debug|Any CPU.ActiveCfg = Debug|Any CPU
		{C70F0AA5-E585-4BC7-8A41-028A116EDDF2}.Debug|Any CPU.Build.0 = Debug|Any CPU
		{C70F0AA5-E585-4BC7-8A41-028A116EDDF2}.Release|Any CPU.ActiveCfg = Release|Any CPU
		{C70F0AA5-E585-4BC7-8A41-028A116EDDF2}.Release|Any CPU.Build.0 = Release|Any CPU
	EndGlobalSection
	GlobalSection(SolutionProperties) = preSolution
		HideSolutionNode = FALSE
	EndGlobalSection
	GlobalSection(ExtensibilityGlobals) = postSolution
		SolutionGuid = {F3B8EF84-53C3-4A13-A032-4667B37E948E}
	EndGlobalSection
EndGlobal
